Microsoft Visual Studio Solution File, Format Version 11.00
# Visual Studio 2008

Project("{B260EFBA-85B3-56FF-7E1F-F32ED553517E}") = "GGJ1", "Assembly-CSharp-vs.csproj", "{00BD825D-EAB9-2C96-0684-45BB7181DC98}"
EndProject
Global
	GlobalSection(SolutionConfigurationPlatforms) = preSolution
		Debug|Any CPU = Debug|Any CPU
		Release|Any CPU = Release|Any CPU
	EndGlobalSection
	GlobalSection(ProjectConfigurationPlatforms) = postSolution
		{00BD825D-EAB9-2C96-0684-45BB7181DC98}.Debug|Any CPU.ActiveCfg = Debug|Any CPU
		{00BD825D-EAB9-2C96-0684-45BB7181DC98}.Debug|Any CPU.Build.0 = Debug|Any CPU
		{00BD825D-EAB9-2C96-0684-45BB7181DC98}.Release|Any CPU.ActiveCfg = Release|Any CPU
		{00BD825D-EAB9-2C96-0684-45BB7181DC98}.Release|Any CPU.Build.0 = Release|Any CPU
	EndGlobalSection
	GlobalSection(SolutionProperties) = preSolution
		HideSolutionNode = FALSE
	EndGlobalSection
																																																																																GlobalSection(MonoDevelopProperties) = preSolution
=======
																																																																													GlobalSection(MonoDevelopProperties) = preSolution
=======
																																																																														GlobalSection(MonoDevelopProperties) = preSolution
>>>>>>> Stashed changes
=======
																																																																													GlobalSection(MonoDevelopProperties) = preSolution
>>>>>>> Stashed changes
>>>>>>> 2cd72b107d6734aed8ce34ae10f852c3a350df3d
=======
																																																																						GlobalSection(MonoDevelopProperties) = preSolution
>>>>>>> Stashed changes
=======
																																																																						GlobalSection(MonoDevelopProperties) = preSolution
>>>>>>> 6252011305284f4560b718e192b8e35e8fea44d4
=======
																																																														GlobalSection(MonoDevelopProperties) = preSolution
>>>>>>> Stashed changes
=======
																																																			GlobalSection(MonoDevelopProperties) = preSolution
=======
																																																			GlobalSection(MonoDevelopProperties) = preSolution
>>>>>>> Stashed changes
>>>>>>> beb2fcc04823cfa6da0fa3eda0c30a049bda2039
=======
																																													GlobalSection(MonoDevelopProperties) = preSolution
>>>>>>> Stashed changes
		StartupItem = Assembly-CSharp.csproj
		Policies = $0
		$0.TextStylePolicy = $1
		$1.inheritsSet = null
		$1.scope = text/x-csharp
		$0.CSharpFormattingPolicy = $2
		$2.inheritsSet = Mono
		$2.inheritsScope = text/x-csharp
		$2.scope = text/x-csharp
		$0.TextStylePolicy = $3
		$3.FileWidth = 120
		$3.TabWidth = 4
		$3.EolMarker = Unix
		$3.inheritsSet = Mono
		$3.inheritsScope = text/plain
		$3.scope = text/plain
	EndGlobalSection

EndGlobal
